// !$*UTF8*$!
{
	archiveVersion = 1;
	classes = {
	};
	objectVersion = 56;
	objects = {

/* Begin PBXBuildFile section */
		17152D25296058FE0056C647 /* RotationToolSpriteKitApp.swift in Sources */ = {isa = PBXBuildFile; fileRef = 17152D24296058FE0056C647 /* RotationToolSpriteKitApp.swift */; };
		17152D27296058FE0056C647 /* ContentView.swift in Sources */ = {isa = PBXBuildFile; fileRef = 17152D26296058FE0056C647 /* ContentView.swift */; };
		17152D29296058FE0056C647 /* Assets.xcassets in Resources */ = {isa = PBXBuildFile; fileRef = 17152D28296058FE0056C647 /* Assets.xcassets */; };
		17152D3429606B270056C647 /* ImageNode.swift in Sources */ = {isa = PBXBuildFile; fileRef = 17152D3229606B270056C647 /* ImageNode.swift */; };
		17152D3529606B270056C647 /* SceneGeometry.swift in Sources */ = {isa = PBXBuildFile; fileRef = 17152D3329606B270056C647 /* SceneGeometry.swift */; };
		17152D3729606B930056C647 /* Models.swift in Sources */ = {isa = PBXBuildFile; fileRef = 17152D3629606B930056C647 /* Models.swift */; };
		17152D3A29606BD90056C647 /* ControlsView.swift in Sources */ = {isa = PBXBuildFile; fileRef = 17152D3929606BD90056C647 /* ControlsView.swift */; };
		17152D3D296074430056C647 /* ControlsViewModel.swift in Sources */ = {isa = PBXBuildFile; fileRef = 17152D3C296074430056C647 /* ControlsViewModel.swift */; };
		17152D3F29607F1F0056C647 /* SwiftUIIntegration.swift in Sources */ = {isa = PBXBuildFile; fileRef = 17152D3E29607F1F0056C647 /* SwiftUIIntegration.swift */; };
		17152D4129607FDF0056C647 /* PhotoEditorScene.swift in Sources */ = {isa = PBXBuildFile; fileRef = 17152D4029607FDF0056C647 /* PhotoEditorScene.swift */; };
		17152D4729608F940056C647 /* DragBehavior.swift in Sources */ = {isa = PBXBuildFile; fileRef = 17152D4529608F940056C647 /* DragBehavior.swift */; };
		17152D4829608F940056C647 /* ZoomBehavior.swift in Sources */ = {isa = PBXBuildFile; fileRef = 17152D4629608F940056C647 /* ZoomBehavior.swift */; };
		17152D4B296094220056C647 /* Extensions.swift in Sources */ = {isa = PBXBuildFile; fileRef = 17152D4A296094220056C647 /* Extensions.swift */; };
/* End PBXBuildFile section */

/* Begin PBXFileReference section */
		17152D21296058FE0056C647 /* RotationToolSpriteKit.app */ = {isa = PBXFileReference; explicitFileType = wrapper.application; includeInIndex = 0; path = RotationToolSpriteKit.app; sourceTree = BUILT_PRODUCTS_DIR; };
		17152D24296058FE0056C647 /* RotationToolSpriteKitApp.swift */ = {isa = PBXFileReference; lastKnownFileType = sourcecode.swift; path = RotationToolSpriteKitApp.swift; sourceTree = "<group>"; };
		17152D26296058FE0056C647 /* ContentView.swift */ = {isa = PBXFileReference; lastKnownFileType = sourcecode.swift; path = ContentView.swift; sourceTree = "<group>"; };
		17152D28296058FE0056C647 /* Assets.xcassets */ = {isa = PBXFileReference; lastKnownFileType = folder.assetcatalog; path = Assets.xcassets; sourceTree = "<group>"; };
		17152D3229606B270056C647 /* ImageNode.swift */ = {isa = PBXFileReference; fileEncoding = 4; lastKnownFileType = sourcecode.swift; path = ImageNode.swift; sourceTree = "<group>"; };
		17152D3329606B270056C647 /* SceneGeometry.swift */ = {isa = PBXFileReference; fileEncoding = 4; lastKnownFileType = sourcecode.swift; path = SceneGeometry.swift; sourceTree = "<group>"; };
		17152D3629606B930056C647 /* Models.swift */ = {isa = PBXFileReference; fileEncoding = 4; lastKnownFileType = sourcecode.swift; path = Models.swift; sourceTree = "<group>"; };
		17152D3929606BD90056C647 /* ControlsView.swift */ = {isa = PBXFileReference; lastKnownFileType = sourcecode.swift; path = ControlsView.swift; sourceTree = "<group>"; };
		17152D3C296074430056C647 /* ControlsViewModel.swift */ = {isa = PBXFileReference; lastKnownFileType = sourcecode.swift; path = ControlsViewModel.swift; sourceTree = "<group>"; };
		17152D3E29607F1F0056C647 /* SwiftUIIntegration.swift */ = {isa = PBXFileReference; lastKnownFileType = sourcecode.swift; path = SwiftUIIntegration.swift; sourceTree = "<group>"; };
		17152D4029607FDF0056C647 /* PhotoEditorScene.swift */ = {isa = PBXFileReference; lastKnownFileType = sourcecode.swift; path = PhotoEditorScene.swift; sourceTree = "<group>"; };
		17152D4529608F940056C647 /* DragBehavior.swift */ = {isa = PBXFileReference; fileEncoding = 4; lastKnownFileType = sourcecode.swift; path = DragBehavior.swift; sourceTree = "<group>"; };
		17152D4629608F940056C647 /* ZoomBehavior.swift */ = {isa = PBXFileReference; fileEncoding = 4; lastKnownFileType = sourcecode.swift; path = ZoomBehavior.swift; sourceTree = "<group>"; };
		17152D4A296094220056C647 /* Extensions.swift */ = {isa = PBXFileReference; lastKnownFileType = sourcecode.swift; path = Extensions.swift; sourceTree = "<group>"; };
/* End PBXFileReference section */

/* Begin PBXFrameworksBuildPhase section */
		17152D1E296058FE0056C647 /* Frameworks */ = {
			isa = PBXFrameworksBuildPhase;
			buildActionMask = 2147483647;
			files = (
			);
			runOnlyForDeploymentPostprocessing = 0;
		};
/* End PBXFrameworksBuildPhase section */

/* Begin PBXGroup section */
		17152D18296058FE0056C647 = {
			isa = PBXGroup;
			children = (
				17152D23296058FE0056C647 /* RotationToolSpriteKit */,
				17152D22296058FE0056C647 /* Products */,
			);
			sourceTree = "<group>";
		};
		17152D22296058FE0056C647 /* Products */ = {
			isa = PBXGroup;
			children = (
				17152D21296058FE0056C647 /* RotationToolSpriteKit.app */,
			);
			name = Products;
			sourceTree = "<group>";
		};
		17152D23296058FE0056C647 /* RotationToolSpriteKit */ = {
			isa = PBXGroup;
			children = (
				173879F3296ACBA5005AF52D /* SupportingFiles */,
				17152D3B29606D0A0056C647 /* SpriteKitScene */,
				17152D3829606BB50056C647 /* UI */,
			);
			path = RotationToolSpriteKit;
			sourceTree = "<group>";
		};
		17152D3829606BB50056C647 /* UI */ = {
			isa = PBXGroup;
			children = (
				17152D3929606BD90056C647 /* ControlsView.swift */,
				17152D3C296074430056C647 /* ControlsViewModel.swift */,
			);
			path = UI;
			sourceTree = "<group>";
		};
		17152D3B29606D0A0056C647 /* SpriteKitScene */ = {
			isa = PBXGroup;
			children = (
				17152D49296090030056C647 /* GestureHandlers */,
				17152D3229606B270056C647 /* ImageNode.swift */,
				17152D3329606B270056C647 /* SceneGeometry.swift */,
				17152D3E29607F1F0056C647 /* SwiftUIIntegration.swift */,
				17152D4029607FDF0056C647 /* PhotoEditorScene.swift */,
			);
			path = SpriteKitScene;
			sourceTree = "<group>";
		};
		17152D49296090030056C647 /* GestureHandlers */ = {
			isa = PBXGroup;
			children = (
				17152D4529608F940056C647 /* DragBehavior.swift */,
				17152D4629608F940056C647 /* ZoomBehavior.swift */,
			);
			path = GestureHandlers;
			sourceTree = "<group>";
		};
		173879F3296ACBA5005AF52D /* SupportingFiles */ = {
			isa = PBXGroup;
			children = (
				17152D24296058FE0056C647 /* RotationToolSpriteKitApp.swift */,
				17152D26296058FE0056C647 /* ContentView.swift */,
				17152D3629606B930056C647 /* Models.swift */,
				17152D28296058FE0056C647 /* Assets.xcassets */,
				17152D4A296094220056C647 /* Extensions.swift */,
			);
			path = SupportingFiles;
			sourceTree = "<group>";
		};
/* End PBXGroup section */

/* Begin PBXNativeTarget section */
		17152D20296058FE0056C647 /* RotationToolSpriteKit */ = {
			isa = PBXNativeTarget;
			buildConfigurationList = 17152D2F296058FE0056C647 /* Build configuration list for PBXNativeTarget "RotationToolSpriteKit" */;
			buildPhases = (
				17152D1D296058FE0056C647 /* Sources */,
				17152D1E296058FE0056C647 /* Frameworks */,
				17152D1F296058FE0056C647 /* Resources */,
			);
			buildRules = (
			);
			dependencies = (
			);
			name = RotationToolSpriteKit;
			productName = RotationToolSpriteKit;
			productReference = 17152D21296058FE0056C647 /* RotationToolSpriteKit.app */;
			productType = "com.apple.product-type.application";
		};
/* End PBXNativeTarget section */

/* Begin PBXProject section */
		17152D19296058FE0056C647 /* Project object */ = {
			isa = PBXProject;
			attributes = {
				BuildIndependentTargetsInParallel = 1;
				LastSwiftUpdateCheck = 1400;
				LastUpgradeCheck = 1400;
				TargetAttributes = {
					17152D20296058FE0056C647 = {
						CreatedOnToolsVersion = 14.0;
					};
				};
			};
			buildConfigurationList = 17152D1C296058FE0056C647 /* Build configuration list for PBXProject "RotationToolSpriteKit" */;
			compatibilityVersion = "Xcode 14.0";
			developmentRegion = en;
			hasScannedForEncodings = 0;
			knownRegions = (
				en,
				Base,
			);
			mainGroup = 17152D18296058FE0056C647;
			productRefGroup = 17152D22296058FE0056C647 /* Products */;
			projectDirPath = "";
			projectRoot = "";
			targets = (
				17152D20296058FE0056C647 /* RotationToolSpriteKit */,
			);
		};
/* End PBXProject section */

/* Begin PBXResourcesBuildPhase section */
		17152D1F296058FE0056C647 /* Resources */ = {
			isa = PBXResourcesBuildPhase;
			buildActionMask = 2147483647;
			files = (
				17152D29296058FE0056C647 /* Assets.xcassets in Resources */,
			);
			runOnlyForDeploymentPostprocessing = 0;
		};
/* End PBXResourcesBuildPhase section */

/* Begin PBXSourcesBuildPhase section */
		17152D1D296058FE0056C647 /* Sources */ = {
			isa = PBXSourcesBuildPhase;
			buildActionMask = 2147483647;
			files = (
				17152D3729606B930056C647 /* Models.swift in Sources */,
				17152D3A29606BD90056C647 /* ControlsView.swift in Sources */,
				17152D4729608F940056C647 /* DragBehavior.swift in Sources */,
				17152D3F29607F1F0056C647 /* SwiftUIIntegration.swift in Sources */,
				17152D3529606B270056C647 /* SceneGeometry.swift in Sources */,
				17152D3D296074430056C647 /* ControlsViewModel.swift in Sources */,
				17152D3429606B270056C647 /* ImageNode.swift in Sources */,
				17152D4B296094220056C647 /* Extensions.swift in Sources */,
				17152D27296058FE0056C647 /* ContentView.swift in Sources */,
				17152D4829608F940056C647 /* ZoomBehavior.swift in Sources */,
				17152D25296058FE0056C647 /* RotationToolSpriteKitApp.swift in Sources */,
				17152D4129607FDF0056C647 /* PhotoEditorScene.swift in Sources */,
			);
			runOnlyForDeploymentPostprocessing = 0;
		};
/* End PBXSourcesBuildPhase section */

/* Begin XCBuildConfiguration section */
		17152D2D296058FE0056C647 /* Debug */ = {
			isa = XCBuildConfiguration;
			buildSettings = {
				ALWAYS_SEARCH_USER_PATHS = NO;
				CLANG_ANALYZER_NONNULL = YES;
				CLANG_ANALYZER_NUMBER_OBJECT_CONVERSION = YES_AGGRESSIVE;
				CLANG_CXX_LANGUAGE_STANDARD = "gnu++20";
				CLANG_ENABLE_MODULES = YES;
				CLANG_ENABLE_OBJC_ARC = YES;
				CLANG_ENABLE_OBJC_WEAK = YES;
				CLANG_WARN_BLOCK_CAPTURE_AUTORELEASING = YES;
				CLANG_WARN_BOOL_CONVERSION = YES;
				CLANG_WARN_COMMA = YES;
				CLANG_WARN_CONSTANT_CONVERSION = YES;
				CLANG_WARN_DEPRECATED_OBJC_IMPLEMENTATIONS = YES;
				CLANG_WARN_DIRECT_OBJC_ISA_USAGE = YES_ERROR;
				CLANG_WARN_DOCUMENTATION_COMMENTS = YES;
				CLANG_WARN_EMPTY_BODY = YES;
				CLANG_WARN_ENUM_CONVERSION = YES;
				CLANG_WARN_INFINITE_RECURSION = YES;
				CLANG_WARN_INT_CONVERSION = YES;
				CLANG_WARN_NON_LITERAL_NULL_CONVERSION = YES;
				CLANG_WARN_OBJC_IMPLICIT_RETAIN_SELF = YES;
				CLANG_WARN_OBJC_LITERAL_CONVERSION = YES;
				CLANG_WARN_OBJC_ROOT_CLASS = YES_ERROR;
				CLANG_WARN_QUOTED_INCLUDE_IN_FRAMEWORK_HEADER = YES;
				CLANG_WARN_RANGE_LOOP_ANALYSIS = YES;
				CLANG_WARN_STRICT_PROTOTYPES = YES;
				CLANG_WARN_SUSPICIOUS_MOVE = YES;
				CLANG_WARN_UNGUARDED_AVAILABILITY = YES_AGGRESSIVE;
				CLANG_WARN_UNREACHABLE_CODE = YES;
				CLANG_WARN__DUPLICATE_METHOD_MATCH = YES;
				COPY_PHASE_STRIP = NO;
				DEBUG_INFORMATION_FORMAT = dwarf;
				ENABLE_STRICT_OBJC_MSGSEND = YES;
				ENABLE_TESTABILITY = YES;
				GCC_C_LANGUAGE_STANDARD = gnu11;
				GCC_DYNAMIC_NO_PIC = NO;
				GCC_NO_COMMON_BLOCKS = YES;
				GCC_OPTIMIZATION_LEVEL = 0;
				GCC_PREPROCESSOR_DEFINITIONS = (
					"DEBUG=1",
					"$(inherited)",
				);
				GCC_WARN_64_TO_32_BIT_CONVERSION = YES;
				GCC_WARN_ABOUT_RETURN_TYPE = YES_ERROR;
				GCC_WARN_UNDECLARED_SELECTOR = YES;
				GCC_WARN_UNINITIALIZED_AUTOS = YES_AGGRESSIVE;
				GCC_WARN_UNUSED_FUNCTION = YES;
				GCC_WARN_UNUSED_VARIABLE = YES;
				IPHONEOS_DEPLOYMENT_TARGET = 16.0;
				MTL_ENABLE_DEBUG_INFO = INCLUDE_SOURCE;
				MTL_FAST_MATH = YES;
				ONLY_ACTIVE_ARCH = YES;
				SDKROOT = iphoneos;
				SWIFT_ACTIVE_COMPILATION_CONDITIONS = DEBUG;
				SWIFT_OPTIMIZATION_LEVEL = "-Onone";
			};
			name = Debug;
		};
		17152D2E296058FE0056C647 /* Release */ = {
			isa = XCBuildConfiguration;
			buildSettings = {
				ALWAYS_SEARCH_USER_PATHS = NO;
				CLANG_ANALYZER_NONNULL = YES;
				CLANG_ANALYZER_NUMBER_OBJECT_CONVERSION = YES_AGGRESSIVE;
				CLANG_CXX_LANGUAGE_STANDARD = "gnu++20";
				CLANG_ENABLE_MODULES = YES;
				CLANG_ENABLE_OBJC_ARC = YES;
				CLANG_ENABLE_OBJC_WEAK = YES;
				CLANG_WARN_BLOCK_CAPTURE_AUTORELEASING = YES;
				CLANG_WARN_BOOL_CONVERSION = YES;
				CLANG_WARN_COMMA = YES;
				CLANG_WARN_CONSTANT_CONVERSION = YES;
				CLANG_WARN_DEPRECATED_OBJC_IMPLEMENTATIONS = YES;
				CLANG_WARN_DIRECT_OBJC_ISA_USAGE = YES_ERROR;
				CLANG_WARN_DOCUMENTATION_COMMENTS = YES;
				CLANG_WARN_EMPTY_BODY = YES;
				CLANG_WARN_ENUM_CONVERSION = YES;
				CLANG_WARN_INFINITE_RECURSION = YES;
				CLANG_WARN_INT_CONVERSION = YES;
				CLANG_WARN_NON_LITERAL_NULL_CONVERSION = YES;
				CLANG_WARN_OBJC_IMPLICIT_RETAIN_SELF = YES;
				CLANG_WARN_OBJC_LITERAL_CONVERSION = YES;
				CLANG_WARN_OBJC_ROOT_CLASS = YES_ERROR;
				CLANG_WARN_QUOTED_INCLUDE_IN_FRAMEWORK_HEADER = YES;
				CLANG_WARN_RANGE_LOOP_ANALYSIS = YES;
				CLANG_WARN_STRICT_PROTOTYPES = YES;
				CLANG_WARN_SUSPICIOUS_MOVE = YES;
				CLANG_WARN_UNGUARDED_AVAILABILITY = YES_AGGRESSIVE;
				CLANG_WARN_UNREACHABLE_CODE = YES;
				CLANG_WARN__DUPLICATE_METHOD_MATCH = YES;
				COPY_PHASE_STRIP = NO;
				DEBUG_INFORMATION_FORMAT = "dwarf-with-dsym";
				ENABLE_NS_ASSERTIONS = NO;
				ENABLE_STRICT_OBJC_MSGSEND = YES;
				GCC_C_LANGUAGE_STANDARD = gnu11;
				GCC_NO_COMMON_BLOCKS = YES;
				GCC_WARN_64_TO_32_BIT_CONVERSION = YES;
				GCC_WARN_ABOUT_RETURN_TYPE = YES_ERROR;
				GCC_WARN_UNDECLARED_SELECTOR = YES;
				GCC_WARN_UNINITIALIZED_AUTOS = YES_AGGRESSIVE;
				GCC_WARN_UNUSED_FUNCTION = YES;
				GCC_WARN_UNUSED_VARIABLE = YES;
				IPHONEOS_DEPLOYMENT_TARGET = 16.0;
				MTL_ENABLE_DEBUG_INFO = NO;
				MTL_FAST_MATH = YES;
				SDKROOT = iphoneos;
				SWIFT_COMPILATION_MODE = wholemodule;
				SWIFT_OPTIMIZATION_LEVEL = "-O";
				VALIDATE_PRODUCT = YES;
			};
			name = Release;
		};
		17152D30296058FE0056C647 /* Debug */ = {
			isa = XCBuildConfiguration;
			buildSettings = {
				ASSETCATALOG_COMPILER_APPICON_NAME = AppIcon;
				ASSETCATALOG_COMPILER_GLOBAL_ACCENT_COLOR_NAME = AccentColor;
				CODE_SIGN_STYLE = Automatic;
				CURRENT_PROJECT_VERSION = 1;
				DEVELOPMENT_TEAM = 2AWJBT533Z;
				ENABLE_PREVIEWS = YES;
				GENERATE_INFOPLIST_FILE = YES;
				INFOPLIST_KEY_UIApplicationSceneManifest_Generation = YES;
				INFOPLIST_KEY_UIApplicationSupportsIndirectInputEvents = YES;
				INFOPLIST_KEY_UILaunchScreen_Generation = YES;
				INFOPLIST_KEY_UISupportedInterfaceOrientations_iPad = "UIInterfaceOrientationPortrait UIInterfaceOrientationPortraitUpsideDown UIInterfaceOrientationLandscapeLeft UIInterfaceOrientationLandscapeRight";
				INFOPLIST_KEY_UISupportedInterfaceOrientations_iPhone = "UIInterfaceOrientationPortrait UIInterfaceOrientationLandscapeLeft UIInterfaceOrientationLandscapeRight";
				LD_RUNPATH_SEARCH_PATHS = (
					"$(inherited)",
					"@executable_path/Frameworks",
				);
				MARKETING_VERSION = 1.0;
				PRODUCT_BUNDLE_IDENTIFIER = gurgur.RotationToolSpriteKit;
				PRODUCT_NAME = "$(TARGET_NAME)";
				SWIFT_EMIT_LOC_STRINGS = YES;
				SWIFT_VERSION = 5.0;
				TARGETED_DEVICE_FAMILY = "1,2";
			};
			name = Debug;
		};
		17152D31296058FE0056C647 /* Release */ = {
			isa = XCBuildConfiguration;
			buildSettings = {
				ASSETCATALOG_COMPILER_APPICON_NAME = AppIcon;
				ASSETCATALOG_COMPILER_GLOBAL_ACCENT_COLOR_NAME = AccentColor;
				CODE_SIGN_STYLE = Automatic;
				CURRENT_PROJECT_VERSION = 1;
				DEVELOPMENT_TEAM = 2AWJBT533Z;
				ENABLE_PREVIEWS = YES;
				GENERATE_INFOPLIST_FILE = YES;
				INFOPLIST_KEY_UIApplicationSceneManifest_Generation = YES;
				INFOPLIST_KEY_UIApplicationSupportsIndirectInputEvents = YES;
				INFOPLIST_KEY_UILaunchScreen_Generation = YES;
				INFOPLIST_KEY_UISupportedInterfaceOrientations_iPad = "UIInterfaceOrientationPortrait UIInterfaceOrientationPortraitUpsideDown UIInterfaceOrientationLandscapeLeft UIInterfaceOrientationLandscapeRight";
				INFOPLIST_KEY_UISupportedInterfaceOrientations_iPhone = "UIInterfaceOrientationPortrait UIInterfaceOrientationLandscapeLeft UIInterfaceOrientationLandscapeRight";
				LD_RUNPATH_SEARCH_PATHS = (
					"$(inherited)",
					"@executable_path/Frameworks",
				);
				MARKETING_VERSION = 1.0;
				PRODUCT_BUNDLE_IDENTIFIER = gurgur.RotationToolSpriteKit;
				PRODUCT_NAME = "$(TARGET_NAME)";
				SWIFT_EMIT_LOC_STRINGS = YES;
				SWIFT_VERSION = 5.0;
				TARGETED_DEVICE_FAMILY = "1,2";
			};
			name = Release;
		};
/* End XCBuildConfiguration section */

/* Begin XCConfigurationList section */
		17152D1C296058FE0056C647 /* Build configuration list for PBXProject "RotationToolSpriteKit" */ = {
			isa = XCConfigurationList;
			buildConfigurations = (
				17152D2D296058FE0056C647 /* Debug */,
				17152D2E296058FE0056C647 /* Release */,
			);
			defaultConfigurationIsVisible = 0;
			defaultConfigurationName = Release;
		};
		17152D2F296058FE0056C647 /* Build configuration list for PBXNativeTarget "RotationToolSpriteKit" */ = {
			isa = XCConfigurationList;
			buildConfigurations = (
				17152D30296058FE0056C647 /* Debug */,
				17152D31296058FE0056C647 /* Release */,
			);
			defaultConfigurationIsVisible = 0;
			defaultConfigurationName = Release;
		};
/* End XCConfigurationList section */
	};
	rootObject = 17152D19296058FE0056C647 /* Project object */;
}
